
Microsoft Visual Studio Solution File, Format Version 12.00
# Visual Studio Version 16
VisualStudioVersion = 25.0.1706.5
MinimumVisualStudioVersion = 10.0.40219.1
Project("{FAE04EC0-301F-11D3-BF4B-00C04F79EFBC}") = "TimTour-Backend", "TimTour-Backend\TimTour-Backend.csproj", "{E8B72826-1205-4ADE-86A3-0F4305D867C0}"
EndProject
Project("{FAE04EC0-301F-11D3-BF4B-00C04F79EFBC}") = "TimTour-Backend.API", "TimTour-Backend.API\TimTour-Backend.API.csproj", "{286CC270-202C-4419-8ECA-5A2D6B9640ED}"
EndProject
Project("{FAE04EC0-301F-11D3-BF4B-00C04F79EFBC}") = "TimTour-Backend.Business", "TimTour-Backend.Business\TimTour-Backend.Business.csproj", "{E6AB3B54-3C5C-4CB1-8017-5E7369133597}"
EndProject
Project("{FAE04EC0-301F-11D3-BF4B-00C04F79EFBC}") = "TimTour-Backend.Data", "TimTour-Backend.Data\TimTour-Backend.Data.csproj", "{96ECBE74-C53C-4811-8F29-FC88365651C3}"
EndProject
Project("{E53339B2-1760-4266-BCC7-CA923CBCF16C}") = "docker-compose", "docker-compose.dcproj", "{5CEC1965-EE73-4B40-A02E-70BE11AF6C3B}"
EndProject
Global
	GlobalSection(SolutionConfigurationPlatforms) = preSolution
		Debug|Any CPU = Debug|Any CPU
		Release|Any CPU = Release|Any CPU
	EndGlobalSection
	GlobalSection(ProjectConfigurationPlatforms) = postSolution
		{E8B72826-1205-4ADE-86A3-0F4305D867C0}.Debug|Any CPU.ActiveCfg = Debug|Any CPU
		{E8B72826-1205-4ADE-86A3-0F4305D867C0}.Debug|Any CPU.Build.0 = Debug|Any CPU
		{E8B72826-1205-4ADE-86A3-0F4305D867C0}.Release|Any CPU.ActiveCfg = Release|Any CPU
		{E8B72826-1205-4ADE-86A3-0F4305D867C0}.Release|Any CPU.Build.0 = Release|Any CPU
		{286CC270-202C-4419-8ECA-5A2D6B9640ED}.Debug|Any CPU.ActiveCfg = Debug|Any CPU
		{286CC270-202C-4419-8ECA-5A2D6B9640ED}.Debug|Any CPU.Build.0 = Debug|Any CPU
		{286CC270-202C-4419-8ECA-5A2D6B9640ED}.Release|Any CPU.ActiveCfg = Release|Any CPU
		{286CC270-202C-4419-8ECA-5A2D6B9640ED}.Release|Any CPU.Build.0 = Release|Any CPU
		{E6AB3B54-3C5C-4CB1-8017-5E7369133597}.Debug|Any CPU.ActiveCfg = Debug|Any CPU
		{E6AB3B54-3C5C-4CB1-8017-5E7369133597}.Debug|Any CPU.Build.0 = Debug|Any CPU
		{E6AB3B54-3C5C-4CB1-8017-5E7369133597}.Release|Any CPU.ActiveCfg = Release|Any CPU
		{E6AB3B54-3C5C-4CB1-8017-5E7369133597}.Release|Any CPU.Build.0 = Release|Any CPU
		{96ECBE74-C53C-4811-8F29-FC88365651C3}.Debug|Any CPU.ActiveCfg = Debug|Any CPU
		{96ECBE74-C53C-4811-8F29-FC88365651C3}.Debug|Any CPU.Build.0 = Debug|Any CPU
		{96ECBE74-C53C-4811-8F29-FC88365651C3}.Release|Any CPU.ActiveCfg = Release|Any CPU
		{96ECBE74-C53C-4811-8F29-FC88365651C3}.Release|Any CPU.Build.0 = Release|Any CPU
		{5CEC1965-EE73-4B40-A02E-70BE11AF6C3B}.Debug|Any CPU.ActiveCfg = Debug|Any CPU
		{5CEC1965-EE73-4B40-A02E-70BE11AF6C3B}.Debug|Any CPU.Build.0 = Debug|Any CPU
		{5CEC1965-EE73-4B40-A02E-70BE11AF6C3B}.Release|Any CPU.ActiveCfg = Release|Any CPU
		{5CEC1965-EE73-4B40-A02E-70BE11AF6C3B}.Release|Any CPU.Build.0 = Release|Any CPU
	EndGlobalSection
	GlobalSection(SolutionProperties) = preSolution
		HideSolutionNode = FALSE
	EndGlobalSection
	GlobalSection(ExtensibilityGlobals) = postSolution
		SolutionGuid = {1ACB97FA-1464-4035-BDF9-70320EF6AD12}
	EndGlobalSection
EndGlobal
